
Microsoft Visual Studio Solution File, Format Version 12.00
# Visual Studio Version 17
VisualStudioVersion = 17.12.35707.178 d17.12
MinimumVisualStudioVersion = 10.0.40219.1
Project("{FAE04EC0-301F-11D3-BF4B-00C04F79EFBC}") = "api.gerenciamento.cursos", "api.gerenciamento.cursos\api.gerenciamento.cursos.csproj", "{404B44D8-14A4-4124-92C7-6B15C79745DF}"
EndProject
Global
	GlobalSection(SolutionConfigurationPlatforms) = preSolution
		Debug|Any CPU = Debug|Any CPU
		Release|Any CPU = Release|Any CPU
	EndGlobalSection
	GlobalSection(ProjectConfigurationPlatforms) = postSolution
		{404B44D8-14A4-4124-92C7-6B15C79745DF}.Debug|Any CPU.ActiveCfg = Debug|Any CPU
		{404B44D8-14A4-4124-92C7-6B15C79745DF}.Debug|Any CPU.Build.0 = Debug|Any CPU
		{404B44D8-14A4-4124-92C7-6B15C79745DF}.Release|Any CPU.ActiveCfg = Release|Any CPU
		{404B44D8-14A4-4124-92C7-6B15C79745DF}.Release|Any CPU.Build.0 = Release|Any CPU
	EndGlobalSection
	GlobalSection(SolutionProperties) = preSolution
		HideSolutionNode = FALSE
	EndGlobalSection
EndGlobal
